
Microsoft Visual Studio Solution File, Format Version 12.00
# Visual Studio Version 17
VisualStudioVersion = 17.14.36327.8
MinimumVisualStudioVersion = 10.0.40219.1
Project("{FAE04EC0-301F-11D3-BF4B-00C04F79EFBC}") = "Academia", "Sistema Stock\Academia.csproj", "{31BDB2DD-010C-4FDD-B94C-1CD45C712470}"
EndProject
Global
	GlobalSection(SolutionConfigurationPlatforms) = preSolution
		Debug|Any CPU = Debug|Any CPU
		Release|Any CPU = Release|Any CPU
	EndGlobalSection
	GlobalSection(ProjectConfigurationPlatforms) = postSolution
		{31BDB2DD-010C-4FDD-B94C-1CD45C712470}.Debug|Any CPU.ActiveCfg = Debug|Any CPU
		{31BDB2DD-010C-4FDD-B94C-1CD45C712470}.Debug|Any CPU.Build.0 = Debug|Any CPU
		{31BDB2DD-010C-4FDD-B94C-1CD45C712470}.Release|Any CPU.ActiveCfg = Release|Any CPU
		{31BDB2DD-010C-4FDD-B94C-1CD45C712470}.Release|Any CPU.Build.0 = Release|Any CPU
	EndGlobalSection
	GlobalSection(SolutionProperties) = preSolution
		HideSolutionNode = FALSE
	EndGlobalSection
	GlobalSection(ExtensibilityGlobals) = postSolution
		SolutionGuid = {F0441DE4-DCA8-41C7-B23A-BE9EF0D73BFB}
	EndGlobalSection
EndGlobal
