
Microsoft Visual Studio Solution File, Format Version 12.00
# Visual Studio Version 17
VisualStudioVersion = 17.14.36327.8
MinimumVisualStudioVersion = 10.0.40219.1
Project("{FAE04EC0-301F-11D3-BF4B-00C04F79EFBC}") = "Domain.Model", "Clases\Domain.Model.csproj", "{E1D22046-023D-4821-AC30-9975EADAA32D}"
EndProject
Project("{FAE04EC0-301F-11D3-BF4B-00C04F79EFBC}") = "Escritorio", "Escritorio\Escritorio.csproj", "{E64CB7D0-0E16-4992-B4C8-360E98B6D826}"
EndProject
Project("{FAE04EC0-301F-11D3-BF4B-00C04F79EFBC}") = "Data", "Data\Data.csproj", "{80C50EF6-C691-4B85-8888-D90A47E3EBB9}"
EndProject
Project("{FAE04EC0-301F-11D3-BF4B-00C04F79EFBC}") = "DTOs", "DTOs\DTOs.csproj", "{4D84D699-F6B1-49FD-B3A6-579E2EA4321D}"
EndProject
Project("{FAE04EC0-301F-11D3-BF4B-00C04F79EFBC}") = "Application.Services", "Application.Services\Application.Services.csproj", "{01A0CC85-5011-4BA6-A21D-8BE4C30F7074}"
EndProject
Project("{FAE04EC0-301F-11D3-BF4B-00C04F79EFBC}") = "WebAPI", "WebAPI\WebAPI.csproj", "{DC3AA700-FAA8-4C20-BDAC-B0DDB22E9EE2}"
EndProject
Project("{FAE04EC0-301F-11D3-BF4B-00C04F79EFBC}") = "API.Clients", "API.Clients\API.Clients.csproj", "{CA2CA914-F899-49D0-9ECA-DC28843DFF93}"
EndProject
Project("{FAE04EC0-301F-11D3-BF4B-00C04F79EFBC}") = "API.Auth.WindowsForm", "API.Auth.WindowsForm\API.Auth.WindowsForm.csproj", "{AD2AD7F8-7FB6-4524-A7F4-95B1D13811C4}"
EndProject
Project("{2150E333-8FDC-42A3-9474-1A3956D46DE8}") = "Elementos de la solución", "Elementos de la solución", "{D107F4C8-89CC-BEA8-D3D7-CA6B7733353D}"
	ProjectSection(SolutionItems) = preProject
		ToDo.txt = ToDo.txt
	EndProjectSection
EndProject
Project("{FAE04EC0-301F-11D3-BF4B-00C04F79EFBC}") = "Blazor", "Blazor\Blazor.csproj", "{77EC18B6-D02F-4BA2-B399-1298D0E40E09}"
EndProject
Project("{FAE04EC0-301F-11D3-BF4B-00C04F79EFBC}") = "API.Auth.Blazor", "API.Auth.Blazor\API.Auth.Blazor.csproj", "{7DAFB49A-F3A0-4F0D-A475-B34A911C1611}"
EndProject
Global
	GlobalSection(SolutionConfigurationPlatforms) = preSolution
		Debug|Any CPU = Debug|Any CPU
		Release|Any CPU = Release|Any CPU
	EndGlobalSection
	GlobalSection(ProjectConfigurationPlatforms) = postSolution
		{E1D22046-023D-4821-AC30-9975EADAA32D}.Debug|Any CPU.ActiveCfg = Debug|Any CPU
		{E1D22046-023D-4821-AC30-9975EADAA32D}.Debug|Any CPU.Build.0 = Debug|Any CPU
		{E1D22046-023D-4821-AC30-9975EADAA32D}.Release|Any CPU.ActiveCfg = Release|Any CPU
		{E1D22046-023D-4821-AC30-9975EADAA32D}.Release|Any CPU.Build.0 = Release|Any CPU
		{E64CB7D0-0E16-4992-B4C8-360E98B6D826}.Debug|Any CPU.ActiveCfg = Debug|Any CPU
		{E64CB7D0-0E16-4992-B4C8-360E98B6D826}.Debug|Any CPU.Build.0 = Debug|Any CPU
		{E64CB7D0-0E16-4992-B4C8-360E98B6D826}.Release|Any CPU.ActiveCfg = Release|Any CPU
		{E64CB7D0-0E16-4992-B4C8-360E98B6D826}.Release|Any CPU.Build.0 = Release|Any CPU
		{80C50EF6-C691-4B85-8888-D90A47E3EBB9}.Debug|Any CPU.ActiveCfg = Debug|Any CPU
		{80C50EF6-C691-4B85-8888-D90A47E3EBB9}.Debug|Any CPU.Build.0 = Debug|Any CPU
		{80C50EF6-C691-4B85-8888-D90A47E3EBB9}.Release|Any CPU.ActiveCfg = Release|Any CPU
		{80C50EF6-C691-4B85-8888-D90A47E3EBB9}.Release|Any CPU.Build.0 = Release|Any CPU
		{4D84D699-F6B1-49FD-B3A6-579E2EA4321D}.Debug|Any CPU.ActiveCfg = Debug|Any CPU
		{4D84D699-F6B1-49FD-B3A6-579E2EA4321D}.Debug|Any CPU.Build.0 = Debug|Any CPU
		{4D84D699-F6B1-49FD-B3A6-579E2EA4321D}.Release|Any CPU.ActiveCfg = Release|Any CPU
		{4D84D699-F6B1-49FD-B3A6-579E2EA4321D}.Release|Any CPU.Build.0 = Release|Any CPU
		{01A0CC85-5011-4BA6-A21D-8BE4C30F7074}.Debug|Any CPU.ActiveCfg = Debug|Any CPU
		{01A0CC85-5011-4BA6-A21D-8BE4C30F7074}.Debug|Any CPU.Build.0 = Debug|Any CPU
		{01A0CC85-5011-4BA6-A21D-8BE4C30F7074}.Release|Any CPU.ActiveCfg = Release|Any CPU
		{01A0CC85-5011-4BA6-A21D-8BE4C30F7074}.Release|Any CPU.Build.0 = Release|Any CPU
		{DC3AA700-FAA8-4C20-BDAC-B0DDB22E9EE2}.Debug|Any CPU.ActiveCfg = Debug|Any CPU
		{DC3AA700-FAA8-4C20-BDAC-B0DDB22E9EE2}.Debug|Any CPU.Build.0 = Debug|Any CPU
		{DC3AA700-FAA8-4C20-BDAC-B0DDB22E9EE2}.Release|Any CPU.ActiveCfg = Release|Any CPU
		{DC3AA700-FAA8-4C20-BDAC-B0DDB22E9EE2}.Release|Any CPU.Build.0 = Release|Any CPU
		{CA2CA914-F899-49D0-9ECA-DC28843DFF93}.Debug|Any CPU.ActiveCfg = Debug|Any CPU
		{CA2CA914-F899-49D0-9ECA-DC28843DFF93}.Debug|Any CPU.Build.0 = Debug|Any CPU
		{CA2CA914-F899-49D0-9ECA-DC28843DFF93}.Release|Any CPU.ActiveCfg = Release|Any CPU
		{CA2CA914-F899-49D0-9ECA-DC28843DFF93}.Release|Any CPU.Build.0 = Release|Any CPU
		{AD2AD7F8-7FB6-4524-A7F4-95B1D13811C4}.Debug|Any CPU.ActiveCfg = Debug|Any CPU
		{AD2AD7F8-7FB6-4524-A7F4-95B1D13811C4}.Debug|Any CPU.Build.0 = Debug|Any CPU
		{AD2AD7F8-7FB6-4524-A7F4-95B1D13811C4}.Release|Any CPU.ActiveCfg = Release|Any CPU
		{AD2AD7F8-7FB6-4524-A7F4-95B1D13811C4}.Release|Any CPU.Build.0 = Release|Any CPU
		{77EC18B6-D02F-4BA2-B399-1298D0E40E09}.Debug|Any CPU.ActiveCfg = Debug|Any CPU
		{77EC18B6-D02F-4BA2-B399-1298D0E40E09}.Debug|Any CPU.Build.0 = Debug|Any CPU
		{77EC18B6-D02F-4BA2-B399-1298D0E40E09}.Release|Any CPU.ActiveCfg = Release|Any CPU
		{77EC18B6-D02F-4BA2-B399-1298D0E40E09}.Release|Any CPU.Build.0 = Release|Any CPU
		{7DAFB49A-F3A0-4F0D-A475-B34A911C1611}.Debug|Any CPU.ActiveCfg = Debug|Any CPU
		{7DAFB49A-F3A0-4F0D-A475-B34A911C1611}.Debug|Any CPU.Build.0 = Debug|Any CPU
		{7DAFB49A-F3A0-4F0D-A475-B34A911C1611}.Release|Any CPU.ActiveCfg = Release|Any CPU
		{7DAFB49A-F3A0-4F0D-A475-B34A911C1611}.Release|Any CPU.Build.0 = Release|Any CPU
	EndGlobalSection
	GlobalSection(SolutionProperties) = preSolution
		HideSolutionNode = FALSE
	EndGlobalSection
	GlobalSection(ExtensibilityGlobals) = postSolution
		SolutionGuid = {F0441DE4-DCA8-41C7-B23A-BE9EF0D73BFB}
	EndGlobalSection
EndGlobal
